
Microsoft Visual Studio Solution File, Format Version 12.00
# Visual Studio 15
VisualStudioVersion = 15.0.28307.168
MinimumVisualStudioVersion = 10.0.40219.1
Project("{FAE04EC0-301F-11D3-BF4B-00C04F79EFBC}") = "windforms", "windforms\windforms.csproj", "{1717EE7E-D7A9-411E-9BC5-C7C329EE2136}"
EndProject
Global
	GlobalSection(SolutionConfigurationPlatforms) = preSolution
		Debug|Any CPU = Debug|Any CPU
		Release|Any CPU = Release|Any CPU
	EndGlobalSection
	GlobalSection(ProjectConfigurationPlatforms) = postSolution
		{1717EE7E-D7A9-411E-9BC5-C7C329EE2136}.Debug|Any CPU.ActiveCfg = Debug|Any CPU
		{1717EE7E-D7A9-411E-9BC5-C7C329EE2136}.Debug|Any CPU.Build.0 = Debug|Any CPU
		{1717EE7E-D7A9-411E-9BC5-C7C329EE2136}.Release|Any CPU.ActiveCfg = Release|Any CPU
		{1717EE7E-D7A9-411E-9BC5-C7C329EE2136}.Release|Any CPU.Build.0 = Release|Any CPU
	EndGlobalSection
	GlobalSection(SolutionProperties) = preSolution
		HideSolutionNode = FALSE
	EndGlobalSection
	GlobalSection(ExtensibilityGlobals) = postSolution
		SolutionGuid = {B54310C8-FD97-46BF-9BB3-EB348D1700CC}
	EndGlobalSection
EndGlobal
